
Microsoft Visual Studio Solution File, Format Version 12.00
# Visual Studio 15
VisualStudioVersion = 15.0.28307.572
MinimumVisualStudioVersion = 10.0.40219.1
Project("{FAE04EC0-301F-11D3-BF4B-00C04F79EFBC}") = "ERP", "ERP\ERP.csproj", "{8293B2D5-E37D-4979-AC44-920A543C8191}"
EndProject
Global
	GlobalSection(SolutionConfigurationPlatforms) = preSolution
		Debug|Any CPU = Debug|Any CPU
		Release|Any CPU = Release|Any CPU
	EndGlobalSection
	GlobalSection(ProjectConfigurationPlatforms) = postSolution
		{8293B2D5-E37D-4979-AC44-920A543C8191}.Debug|Any CPU.ActiveCfg = Debug|Any CPU
		{8293B2D5-E37D-4979-AC44-920A543C8191}.Debug|Any CPU.Build.0 = Debug|Any CPU
		{8293B2D5-E37D-4979-AC44-920A543C8191}.Release|Any CPU.ActiveCfg = Release|Any CPU
		{8293B2D5-E37D-4979-AC44-920A543C8191}.Release|Any CPU.Build.0 = Release|Any CPU
	EndGlobalSection
	GlobalSection(SolutionProperties) = preSolution
		HideSolutionNode = FALSE
	EndGlobalSection
	GlobalSection(ExtensibilityGlobals) = postSolution
		SolutionGuid = {7963D385-0148-4CC6-A1C4-4413603334AC}
	EndGlobalSection
EndGlobal
